// !$*UTF8*$!
{
	archiveVersion = 1;
	classes = {
	};
	objectVersion = 46;
	objects = {

/* Begin PBXBuildFile section */
		1833B2399055BD5C11AB9A8F /* libPods-googleintegrate.a in Frameworks */ = {isa = PBXBuildFile; fileRef = E4AD8155601716041A3C6B19 /* libPods-googleintegrate.a */; };
		1BF0A9AF1EEFEB1E002F6733 /* main.m in Sources */ = {isa = PBXBuildFile; fileRef = 1BF0A9AE1EEFEB1E002F6733 /* main.m */; };
		1BF0A9B21EEFEB1E002F6733 /* AppDelegate.m in Sources */ = {isa = PBXBuildFile; fileRef = 1BF0A9B11EEFEB1E002F6733 /* AppDelegate.m */; };
		1BF0A9B51EEFEB1E002F6733 /* ViewController.m in Sources */ = {isa = PBXBuildFile; fileRef = 1BF0A9B41EEFEB1E002F6733 /* ViewController.m */; };
		1BF0A9B81EEFEB1E002F6733 /* Main.storyboard in Resources */ = {isa = PBXBuildFile; fileRef = 1BF0A9B61EEFEB1E002F6733 /* Main.storyboard */; };
		1BF0A9BA1EEFEB1E002F6733 /* Assets.xcassets in Resources */ = {isa = PBXBuildFile; fileRef = 1BF0A9B91EEFEB1E002F6733 /* Assets.xcassets */; };
		1BF0A9BD1EEFEB1E002F6733 /* LaunchScreen.storyboard in Resources */ = {isa = PBXBuildFile; fileRef = 1BF0A9BB1EEFEB1E002F6733 /* LaunchScreen.storyboard */; };
		1BF0A9C81EEFEB1E002F6733 /* googleintegrateTests.m in Sources */ = {isa = PBXBuildFile; fileRef = 1BF0A9C71EEFEB1E002F6733 /* googleintegrateTests.m */; };
		1BF0A9D31EEFEB1E002F6733 /* googleintegrateUITests.m in Sources */ = {isa = PBXBuildFile; fileRef = 1BF0A9D21EEFEB1E002F6733 /* googleintegrateUITests.m */; };
		1BF0A9E11EEFEC9C002F6733 /* GoogleService-Info.plist in Resources */ = {isa = PBXBuildFile; fileRef = 1BF0A9E01EEFEC9C002F6733 /* GoogleService-Info.plist */; };
		BF73F206F6496EAEE9AD339D /* libPods-googleintegrateUITests.a in Frameworks */ = {isa = PBXBuildFile; fileRef = AB7D7D75DB6F959589E1BDE6 /* libPods-googleintegrateUITests.a */; };
		C929BCB63D58E88374F545E7 /* libPods-googleintegrateTests.a in Frameworks */ = {isa = PBXBuildFile; fileRef = BB18D6F6455931CFB2F5A0EF /* libPods-googleintegrateTests.a */; };
/* End PBXBuildFile section */

/* Begin PBXContainerItemProxy section */
		1BF0A9C41EEFEB1E002F6733 /* PBXContainerItemProxy */ = {
			isa = PBXContainerItemProxy;
			containerPortal = 1BF0A9A21EEFEB1E002F6733 /* Project object */;
			proxyType = 1;
			remoteGlobalIDString = 1BF0A9A91EEFEB1E002F6733;
			remoteInfo = googleintegrate;
		};
		1BF0A9CF1EEFEB1E002F6733 /* PBXContainerItemProxy */ = {
			isa = PBXContainerItemProxy;
			containerPortal = 1BF0A9A21EEFEB1E002F6733 /* Project object */;
			proxyType = 1;
			remoteGlobalIDString = 1BF0A9A91EEFEB1E002F6733;
			remoteInfo = googleintegrate;
		};
/* End PBXContainerItemProxy section */

/* Begin PBXFileReference section */
		1BF0A9AA1EEFEB1E002F6733 /* googleintegrate.app */ = {isa = PBXFileReference; explicitFileType = wrapper.application; includeInIndex = 0; path = googleintegrate.app; sourceTree = BUILT_PRODUCTS_DIR; };
		1BF0A9AE1EEFEB1E002F6733 /* main.m */ = {isa = PBXFileReference; lastKnownFileType = sourcecode.c.objc; path = main.m; sourceTree = "<group>"; };
		1BF0A9B01EEFEB1E002F6733 /* AppDelegate.h */ = {isa = PBXFileReference; lastKnownFileType = sourcecode.c.h; path = AppDelegate.h; sourceTree = "<group>"; };
		1BF0A9B11EEFEB1E002F6733 /* AppDelegate.m */ = {isa = PBXFileReference; lastKnownFileType = sourcecode.c.objc; path = AppDelegate.m; sourceTree = "<group>"; };
		1BF0A9B31EEFEB1E002F6733 /* ViewController.h */ = {isa = PBXFileReference; lastKnownFileType = sourcecode.c.h; path = ViewController.h; sourceTree = "<group>"; };
		1BF0A9B41EEFEB1E002F6733 /* ViewController.m */ = {isa = PBXFileReference; lastKnownFileType = sourcecode.c.objc; path = ViewController.m; sourceTree = "<group>"; };
		1BF0A9B71EEFEB1E002F6733 /* Base */ = {isa = PBXFileReference; lastKnownFileType = file.storyboard; name = Base; path = Base.lproj/Main.storyboard; sourceTree = "<group>"; };
		1BF0A9B91EEFEB1E002F6733 /* Assets.xcassets */ = {isa = PBXFileReference; lastKnownFileType = folder.assetcatalog; path = Assets.xcassets; sourceTree = "<group>"; };
		1BF0A9BC1EEFEB1E002F6733 /* Base */ = {isa = PBXFileReference; lastKnownFileType = file.storyboard; name = Base; path = Base.lproj/LaunchScreen.storyboard; sourceTree = "<group>"; };
		1BF0A9BE1EEFEB1E002F6733 /* Info.plist */ = {isa = PBXFileReference; lastKnownFileType = text.plist.xml; path = Info.plist; sourceTree = "<group>"; };
		1BF0A9C31EEFEB1E002F6733 /* googleintegrateTests.xctest */ = {isa = PBXFileReference; explicitFileType = wrapper.cfbundle; includeInIndex = 0; path = googleintegrateTests.xctest; sourceTree = BUILT_PRODUCTS_DIR; };
		1BF0A9C71EEFEB1E002F6733 /* googleintegrateTests.m */ = {isa = PBXFileReference; lastKnownFileType = sourcecode.c.objc; path = googleintegrateTests.m; sourceTree = "<group>"; };
		1BF0A9C91EEFEB1E002F6733 /* Info.plist */ = {isa = PBXFileReference; lastKnownFileType = text.plist.xml; path = Info.plist; sourceTree = "<group>"; };
		1BF0A9CE1EEFEB1E002F6733 /* googleintegrateUITests.xctest */ = {isa = PBXFileReference; explicitFileType = wrapper.cfbundle; includeInIndex = 0; path = googleintegrateUITests.xctest; sourceTree = BUILT_PRODUCTS_DIR; };
		1BF0A9D21EEFEB1E002F6733 /* googleintegrateUITests.m */ = {isa = PBXFileReference; lastKnownFileType = sourcecode.c.objc; path = googleintegrateUITests.m; sourceTree = "<group>"; };
		1BF0A9D41EEFEB1E002F6733 /* Info.plist */ = {isa = PBXFileReference; lastKnownFileType = text.plist.xml; path = Info.plist; sourceTree = "<group>"; };
		1BF0A9E01EEFEC9C002F6733 /* GoogleService-Info.plist */ = {isa = PBXFileReference; fileEncoding = 4; lastKnownFileType = text.plist.xml; path = "GoogleService-Info.plist"; sourceTree = "<group>"; };
		3BE3D994B02DA1AC79711D6E /* Pods-googleintegrateUITests.release.xcconfig */ = {isa = PBXFileReference; includeInIndex = 1; lastKnownFileType = text.xcconfig; name = "Pods-googleintegrateUITests.release.xcconfig"; path = "Pods/Target Support Files/Pods-googleintegrateUITests/Pods-googleintegrateUITests.release.xcconfig"; sourceTree = "<group>"; };
		7C944CE6DF381999E8B37EEE /* Pods-googleintegrateTests.debug.xcconfig */ = {isa = PBXFileReference; includeInIndex = 1; lastKnownFileType = text.xcconfig; name = "Pods-googleintegrateTests.debug.xcconfig"; path = "Pods/Target Support Files/Pods-googleintegrateTests/Pods-googleintegrateTests.debug.xcconfig"; sourceTree = "<group>"; };
		90AE90375741FAC7BBDE123B /* Pods-googleintegrateTests.release.xcconfig */ = {isa = PBXFileReference; includeInIndex = 1; lastKnownFileType = text.xcconfig; name = "Pods-googleintegrateTests.release.xcconfig"; path = "Pods/Target Support Files/Pods-googleintegrateTests/Pods-googleintegrateTests.release.xcconfig"; sourceTree = "<group>"; };
		93D5109F721AA669FA8FF720 /* Pods-googleintegrate.release.xcconfig */ = {isa = PBXFileReference; includeInIndex = 1; lastKnownFileType = text.xcconfig; name = "Pods-googleintegrate.release.xcconfig"; path = "Pods/Target Support Files/Pods-googleintegrate/Pods-googleintegrate.release.xcconfig"; sourceTree = "<group>"; };
		AB7D7D75DB6F959589E1BDE6 /* libPods-googleintegrateUITests.a */ = {isa = PBXFileReference; explicitFileType = archive.ar; includeInIndex = 0; path = "libPods-googleintegrateUITests.a"; sourceTree = BUILT_PRODUCTS_DIR; };
		BAFA34740E6FBE01E2A9CEEC /* Pods-googleintegrate.debug.xcconfig */ = {isa = PBXFileReference; includeInIndex = 1; lastKnownFileType = text.xcconfig; name = "Pods-googleintegrate.debug.xcconfig"; path = "Pods/Target Support Files/Pods-googleintegrate/Pods-googleintegrate.debug.xcconfig"; sourceTree = "<group>"; };
		BB18D6F6455931CFB2F5A0EF /* libPods-googleintegrateTests.a */ = {isa = PBXFileReference; explicitFileType = archive.ar; includeInIndex = 0; path = "libPods-googleintegrateTests.a"; sourceTree = BUILT_PRODUCTS_DIR; };
		E4AD8155601716041A3C6B19 /* libPods-googleintegrate.a */ = {isa = PBXFileReference; explicitFileType = archive.ar; includeInIndex = 0; path = "libPods-googleintegrate.a"; sourceTree = BUILT_PRODUCTS_DIR; };
		E4F551CF95C9DA68E4976509 /* Pods-googleintegrateUITests.debug.xcconfig */ = {isa = PBXFileReference; includeInIndex = 1; lastKnownFileType = text.xcconfig; name = "Pods-googleintegrateUITests.debug.xcconfig"; path = "Pods/Target Support Files/Pods-googleintegrateUITests/Pods-googleintegrateUITests.debug.xcconfig"; sourceTree = "<group>"; };
/* End PBXFileReference section */

/* Begin PBXFrameworksBuildPhase section */
		1BF0A9A71EEFEB1E002F6733 /* Frameworks */ = {
			isa = PBXFrameworksBuildPhase;
			buildActionMask = 2147483647;
			files = (
				1833B2399055BD5C11AB9A8F /* libPods-googleintegrate.a in Frameworks */,
			);
			runOnlyForDeploymentPostprocessing = 0;
		};
		1BF0A9C01EEFEB1E002F6733 /* Frameworks */ = {
			isa = PBXFrameworksBuildPhase;
			buildActionMask = 2147483647;
			files = (
				C929BCB63D58E88374F545E7 /* libPods-googleintegrateTests.a in Frameworks */,
			);
			runOnlyForDeploymentPostprocessing = 0;
		};
		1BF0A9CB1EEFEB1E002F6733 /* Frameworks */ = {
			isa = PBXFrameworksBuildPhase;
			buildActionMask = 2147483647;
			files = (
				BF73F206F6496EAEE9AD339D /* libPods-googleintegrateUITests.a in Frameworks */,
			);
			runOnlyForDeploymentPostprocessing = 0;
		};
/* End PBXFrameworksBuildPhase section */

/* Begin PBXGroup section */
		1BF0A9A11EEFEB1E002F6733 = {
			isa = PBXGroup;
			children = (
				1BF0A9E01EEFEC9C002F6733 /* GoogleService-Info.plist */,
				1BF0A9AC1EEFEB1E002F6733 /* googleintegrate */,
				1BF0A9C61EEFEB1E002F6733 /* googleintegrateTests */,
				1BF0A9D11EEFEB1E002F6733 /* googleintegrateUITests */,
				1BF0A9AB1EEFEB1E002F6733 /* Products */,
				A8891C6952264D7C34E09A02 /* Pods */,
				50FDE9805A722A29986467E2 /* Frameworks */,
			);
			sourceTree = "<group>";
		};
		1BF0A9AB1EEFEB1E002F6733 /* Products */ = {
			isa = PBXGroup;
			children = (
				1BF0A9AA1EEFEB1E002F6733 /* googleintegrate.app */,
				1BF0A9C31EEFEB1E002F6733 /* googleintegrateTests.xctest */,
				1BF0A9CE1EEFEB1E002F6733 /* googleintegrateUITests.xctest */,
			);
			name = Products;
			sourceTree = "<group>";
		};
		1BF0A9AC1EEFEB1E002F6733 /* googleintegrate */ = {
			isa = PBXGroup;
			children = (
				1BF0A9B01EEFEB1E002F6733 /* AppDelegate.h */,
				1BF0A9B11EEFEB1E002F6733 /* AppDelegate.m */,
				1BF0A9B31EEFEB1E002F6733 /* ViewController.h */,
				1BF0A9B41EEFEB1E002F6733 /* ViewController.m */,
				1BF0A9B61EEFEB1E002F6733 /* Main.storyboard */,
				1BF0A9B91EEFEB1E002F6733 /* Assets.xcassets */,
				1BF0A9BB1EEFEB1E002F6733 /* LaunchScreen.storyboard */,
				1BF0A9BE1EEFEB1E002F6733 /* Info.plist */,
				1BF0A9AD1EEFEB1E002F6733 /* Supporting Files */,
			);
			path = googleintegrate;
			sourceTree = "<group>";
		};
		1BF0A9AD1EEFEB1E002F6733 /* Supporting Files */ = {
			isa = PBXGroup;
			children = (
				1BF0A9AE1EEFEB1E002F6733 /* main.m */,
			);
			name = "Supporting Files";
			sourceTree = "<group>";
		};
		1BF0A9C61EEFEB1E002F6733 /* googleintegrateTests */ = {
			isa = PBXGroup;
			children = (
				1BF0A9C71EEFEB1E002F6733 /* googleintegrateTests.m */,
				1BF0A9C91EEFEB1E002F6733 /* Info.plist */,
			);
			path = googleintegrateTests;
			sourceTree = "<group>";
		};
		1BF0A9D11EEFEB1E002F6733 /* googleintegrateUITests */ = {
			isa = PBXGroup;
			children = (
				1BF0A9D21EEFEB1E002F6733 /* googleintegrateUITests.m */,
				1BF0A9D41EEFEB1E002F6733 /* Info.plist */,
			);
			path = googleintegrateUITests;
			sourceTree = "<group>";
		};
		50FDE9805A722A29986467E2 /* Frameworks */ = {
			isa = PBXGroup;
			children = (
				E4AD8155601716041A3C6B19 /* libPods-googleintegrate.a */,
				BB18D6F6455931CFB2F5A0EF /* libPods-googleintegrateTests.a */,
				AB7D7D75DB6F959589E1BDE6 /* libPods-googleintegrateUITests.a */,
			);
			name = Frameworks;
			sourceTree = "<group>";
		};
		A8891C6952264D7C34E09A02 /* Pods */ = {
			isa = PBXGroup;
			children = (
				BAFA34740E6FBE01E2A9CEEC /* Pods-googleintegrate.debug.xcconfig */,
				93D5109F721AA669FA8FF720 /* Pods-googleintegrate.release.xcconfig */,
				7C944CE6DF381999E8B37EEE /* Pods-googleintegrateTests.debug.xcconfig */,
				90AE90375741FAC7BBDE123B /* Pods-googleintegrateTests.release.xcconfig */,
				E4F551CF95C9DA68E4976509 /* Pods-googleintegrateUITests.debug.xcconfig */,
				3BE3D994B02DA1AC79711D6E /* Pods-googleintegrateUITests.release.xcconfig */,
			);
			name = Pods;
			sourceTree = "<group>";
		};
/* End PBXGroup section */

/* Begin PBXNativeTarget section */
		1BF0A9A91EEFEB1E002F6733 /* googleintegrate */ = {
			isa = PBXNativeTarget;
			buildConfigurationList = 1BF0A9D71EEFEB1E002F6733 /* Build configuration list for PBXNativeTarget "googleintegrate" */;
			buildPhases = (
				80FF09F2B9279E2914987EEF /* [CP] Check Pods Manifest.lock */,
				1BF0A9A61EEFEB1E002F6733 /* Sources */,
				1BF0A9A71EEFEB1E002F6733 /* Frameworks */,
				1BF0A9A81EEFEB1E002F6733 /* Resources */,
				4B0088E3CDB027C7E283783F /* [CP] Embed Pods Frameworks */,
				3082B74B56ADACF418F08857 /* [CP] Copy Pods Resources */,
			);
			buildRules = (
			);
			dependencies = (
			);
			name = googleintegrate;
			productName = googleintegrate;
			productReference = 1BF0A9AA1EEFEB1E002F6733 /* googleintegrate.app */;
			productType = "com.apple.product-type.application";
		};
		1BF0A9C21EEFEB1E002F6733 /* googleintegrateTests */ = {
			isa = PBXNativeTarget;
			buildConfigurationList = 1BF0A9DA1EEFEB1E002F6733 /* Build configuration list for PBXNativeTarget "googleintegrateTests" */;
			buildPhases = (
				08AA97C1DDB662CBD5187218 /* [CP] Check Pods Manifest.lock */,
				1BF0A9BF1EEFEB1E002F6733 /* Sources */,
				1BF0A9C01EEFEB1E002F6733 /* Frameworks */,
				1BF0A9C11EEFEB1E002F6733 /* Resources */,
				389A4C0353C5E98374726F8C /* [CP] Embed Pods Frameworks */,
				96BAD10D8A6E9A86B9C25C3E /* [CP] Copy Pods Resources */,
			);
			buildRules = (
			);
			dependencies = (
				1BF0A9C51EEFEB1E002F6733 /* PBXTargetDependency */,
			);
			name = googleintegrateTests;
			productName = googleintegrateTests;
			productReference = 1BF0A9C31EEFEB1E002F6733 /* googleintegrateTests.xctest */;
			productType = "com.apple.product-type.bundle.unit-test";
		};
		1BF0A9CD1EEFEB1E002F6733 /* googleintegrateUITests */ = {
			isa = PBXNativeTarget;
			buildConfigurationList = 1BF0A9DD1EEFEB1E002F6733 /* Build configuration list for PBXNativeTarget "googleintegrateUITests" */;
			buildPhases = (
				C4CFA5943A99FC9300860F39 /* [CP] Check Pods Manifest.lock */,
				1BF0A9CA1EEFEB1E002F6733 /* Sources */,
				1BF0A9CB1EEFEB1E002F6733 /* Frameworks */,
				1BF0A9CC1EEFEB1E002F6733 /* Resources */,
				A89E3CFDFCB765C64E827558 /* [CP] Embed Pods Frameworks */,
				69F26D0FE7CC693B38CBB63F /* [CP] Copy Pods Resources */,
			);
			buildRules = (
			);
			dependencies = (
				1BF0A9D01EEFEB1E002F6733 /* PBXTargetDependency */,
			);
			name = googleintegrateUITests;
			productName = googleintegrateUITests;
			productReference = 1BF0A9CE1EEFEB1E002F6733 /* googleintegrateUITests.xctest */;
			productType = "com.apple.product-type.bundle.ui-testing";
		};
/* End PBXNativeTarget section */

/* Begin PBXProject section */
		1BF0A9A21EEFEB1E002F6733 /* Project object */ = {
			isa = PBXProject;
			attributes = {
				LastUpgradeCheck = 0730;
				ORGANIZATIONNAME = macserver;
				TargetAttributes = {
					1BF0A9A91EEFEB1E002F6733 = {
						CreatedOnToolsVersion = 7.3;
					};
					1BF0A9C21EEFEB1E002F6733 = {
						CreatedOnToolsVersion = 7.3;
						TestTargetID = 1BF0A9A91EEFEB1E002F6733;
					};
					1BF0A9CD1EEFEB1E002F6733 = {
						CreatedOnToolsVersion = 7.3;
						TestTargetID = 1BF0A9A91EEFEB1E002F6733;
					};
				};
			};
			buildConfigurationList = 1BF0A9A51EEFEB1E002F6733 /* Build configuration list for PBXProject "googleintegrate" */;
			compatibilityVersion = "Xcode 3.2";
			developmentRegion = English;
			hasScannedForEncodings = 0;
			knownRegions = (
				en,
				Base,
			);
			mainGroup = 1BF0A9A11EEFEB1E002F6733;
			productRefGroup = 1BF0A9AB1EEFEB1E002F6733 /* Products */;
			projectDirPath = "";
			projectRoot = "";
			targets = (
				1BF0A9A91EEFEB1E002F6733 /* googleintegrate */,
				1BF0A9C21EEFEB1E002F6733 /* googleintegrateTests */,
				1BF0A9CD1EEFEB1E002F6733 /* googleintegrateUITests */,
			);
		};
/* End PBXProject section */

/* Begin PBXResourcesBuildPhase section */
		1BF0A9A81EEFEB1E002F6733 /* Resources */ = {
			isa = PBXResourcesBuildPhase;
			buildActionMask = 2147483647;
			files = (
				1BF0A9BD1EEFEB1E002F6733 /* LaunchScreen.storyboard in Resources */,
				1BF0A9BA1EEFEB1E002F6733 /* Assets.xcassets in Resources */,
				1BF0A9B81EEFEB1E002F6733 /* Main.storyboard in Resources */,
				1BF0A9E11EEFEC9C002F6733 /* GoogleService-Info.plist in Resources */,
			);
			runOnlyForDeploymentPostprocessing = 0;
		};
		1BF0A9C11EEFEB1E002F6733 /* Resources */ = {
			isa = PBXResourcesBuildPhase;
			buildActionMask = 2147483647;
			files = (
			);
			runOnlyForDeploymentPostprocessing = 0;
		};
		1BF0A9CC1EEFEB1E002F6733 /* Resources */ = {
			isa = PBXResourcesBuildPhase;
			buildActionMask = 2147483647;
			files = (
			);
			runOnlyForDeploymentPostprocessing = 0;
		};
/* End PBXResourcesBuildPhase section */

/* Begin PBXShellScriptBuildPhase section */
		08AA97C1DDB662CBD5187218 /* [CP] Check Pods Manifest.lock */ = {
			isa = PBXShellScriptBuildPhase;
			buildActionMask = 2147483647;
			files = (
			);
			inputPaths = (
			);
			name = "[CP] Check Pods Manifest.lock";
			outputPaths = (
			);
			runOnlyForDeploymentPostprocessing = 0;
			shellPath = /bin/sh;
			shellScript = "diff \"${PODS_ROOT}/../Podfile.lock\" \"${PODS_ROOT}/Manifest.lock\" > /dev/null\nif [ $? != 0 ] ; then\n    # print error to STDERR\n    echo \"error: The sandbox is not in sync with the Podfile.lock. Run 'pod install' or update your CocoaPods installation.\" >&2\n    exit 1\nfi\n";
			showEnvVarsInLog = 0;
		};
		3082B74B56ADACF418F08857 /* [CP] Copy Pods Resources */ = {
			isa = PBXShellScriptBuildPhase;
			buildActionMask = 2147483647;
			files = (
			);
			inputPaths = (
			);
			name = "[CP] Copy Pods Resources";
			outputPaths = (
			);
			runOnlyForDeploymentPostprocessing = 0;
			shellPath = /bin/sh;
			shellScript = "\"${SRCROOT}/Pods/Target Support Files/Pods-googleintegrate/Pods-googleintegrate-resources.sh\"\n";
			showEnvVarsInLog = 0;
		};
		389A4C0353C5E98374726F8C /* [CP] Embed Pods Frameworks */ = {
			isa = PBXShellScriptBuildPhase;
			buildActionMask = 2147483647;
			files = (
			);
			inputPaths = (
			);
			name = "[CP] Embed Pods Frameworks";
			outputPaths = (
			);
			runOnlyForDeploymentPostprocessing = 0;
			shellPath = /bin/sh;
			shellScript = "\"${SRCROOT}/Pods/Target Support Files/Pods-googleintegrateTests/Pods-googleintegrateTests-frameworks.sh\"\n";
			showEnvVarsInLog = 0;
		};
		4B0088E3CDB027C7E283783F /* [CP] Embed Pods Frameworks */ = {
			isa = PBXShellScriptBuildPhase;
			buildActionMask = 2147483647;
			files = (
			);
			inputPaths = (
			);
			name = "[CP] Embed Pods Frameworks";
			outputPaths = (
			);
			runOnlyForDeploymentPostprocessing = 0;
			shellPath = /bin/sh;
			shellScript = "\"${SRCROOT}/Pods/Target Support Files/Pods-googleintegrate/Pods-googleintegrate-frameworks.sh\"\n";
			showEnvVarsInLog = 0;
		};
		69F26D0FE7CC693B38CBB63F /* [CP] Copy Pods Resources */ = {
			isa = PBXShellScriptBuildPhase;
			buildActionMask = 2147483647;
			files = (
			);
			inputPaths = (
			);
			name = "[CP] Copy Pods Resources";
			outputPaths = (
			);
			runOnlyForDeploymentPostprocessing = 0;
			shellPath = /bin/sh;
			shellScript = "\"${SRCROOT}/Pods/Target Support Files/Pods-googleintegrateUITests/Pods-googleintegrateUITests-resources.sh\"\n";
			showEnvVarsInLog = 0;
		};
		80FF09F2B9279E2914987EEF /* [CP] Check Pods Manifest.lock */ = {
			isa = PBXShellScriptBuildPhase;
			buildActionMask = 2147483647;
			files = (
			);
			inputPaths = (
			);
			name = "[CP] Check Pods Manifest.lock";
			outputPaths = (
			);
			runOnlyForDeploymentPostprocessing = 0;
			shellPath = /bin/sh;
			shellScript = "diff \"${PODS_ROOT}/../Podfile.lock\" \"${PODS_ROOT}/Manifest.lock\" > /dev/null\nif [ $? != 0 ] ; then\n    # print error to STDERR\n    echo \"error: The sandbox is not in sync with the Podfile.lock. Run 'pod install' or update your CocoaPods installation.\" >&2\n    exit 1\nfi\n";
			showEnvVarsInLog = 0;
		};
		96BAD10D8A6E9A86B9C25C3E /* [CP] Copy Pods Resources */ = {
			isa = PBXShellScriptBuildPhase;
			buildActionMask = 2147483647;
			files = (
			);
			inputPaths = (
			);
			name = "[CP] Copy Pods Resources";
			outputPaths = (
			);
			runOnlyForDeploymentPostprocessing = 0;
			shellPath = /bin/sh;
			shellScript = "\"${SRCROOT}/Pods/Target Support Files/Pods-googleintegrateTests/Pods-googleintegrateTests-resources.sh\"\n";
			showEnvVarsInLog = 0;
		};
		A89E3CFDFCB765C64E827558 /* [CP] Embed Pods Frameworks */ = {
			isa = PBXShellScriptBuildPhase;
			buildActionMask = 2147483647;
			files = (
			);
			inputPaths = (
			);
			name = "[CP] Embed Pods Frameworks";
			outputPaths = (
			);
			runOnlyForDeploymentPostprocessing = 0;
			shellPath = /bin/sh;
			shellScript = "\"${SRCROOT}/Pods/Target Support Files/Pods-googleintegrateUITests/Pods-googleintegrateUITests-frameworks.sh\"\n";
			showEnvVarsInLog = 0;
		};
		C4CFA5943A99FC9300860F39 /* [CP] Check Pods Manifest.lock */ = {
			isa = PBXShellScriptBuildPhase;
			buildActionMask = 2147483647;
			files = (
			);
			inputPaths = (
			);
			name = "[CP] Check Pods Manifest.lock";
			outputPaths = (
			);
			runOnlyForDeploymentPostprocessing = 0;
			shellPath = /bin/sh;
			shellScript = "diff \"${PODS_ROOT}/../Podfile.lock\" \"${PODS_ROOT}/Manifest.lock\" > /dev/null\nif [ $? != 0 ] ; then\n    # print error to STDERR\n    echo \"error: The sandbox is not in sync with the Podfile.lock. Run 'pod install' or update your CocoaPods installation.\" >&2\n    exit 1\nfi\n";
			showEnvVarsInLog = 0;
		};
/* End PBXShellScriptBuildPhase section */

/* Begin PBXSourcesBuildPhase section */
		1BF0A9A61EEFEB1E002F6733 /* Sources */ = {
			isa = PBXSourcesBuildPhase;
			buildActionMask = 2147483647;
			files = (
				1BF0A9B51EEFEB1E002F6733 /* ViewController.m in Sources */,
				1BF0A9B21EEFEB1E002F6733 /* AppDelegate.m in Sources */,
				1BF0A9AF1EEFEB1E002F6733 /* main.m in Sources */,
			);
			runOnlyForDeploymentPostprocessing = 0;
		};
		1BF0A9BF1EEFEB1E002F6733 /* Sources */ = {
			isa = PBXSourcesBuildPhase;
			buildActionMask = 2147483647;
			files = (
				1BF0A9C81EEFEB1E002F6733 /* googleintegrateTests.m in Sources */,
			);
			runOnlyForDeploymentPostprocessing = 0;
		};
		1BF0A9CA1EEFEB1E002F6733 /* Sources */ = {
			isa = PBXSourcesBuildPhase;
			buildActionMask = 2147483647;
			files = (
				1BF0A9D31EEFEB1E002F6733 /* googleintegrateUITests.m in Sources */,
			);
			runOnlyForDeploymentPostprocessing = 0;
		};
/* End PBXSourcesBuildPhase section */

/* Begin PBXTargetDependency section */
		1BF0A9C51EEFEB1E002F6733 /* PBXTargetDependency */ = {
			isa = PBXTargetDependency;
			target = 1BF0A9A91EEFEB1E002F6733 /* googleintegrate */;
			targetProxy = 1BF0A9C41EEFEB1E002F6733 /* PBXContainerItemProxy */;
		};
		1BF0A9D01EEFEB1E002F6733 /* PBXTargetDependency */ = {
			isa = PBXTargetDependency;
			target = 1BF0A9A91EEFEB1E002F6733 /* googleintegrate */;
			targetProxy = 1BF0A9CF1EEFEB1E002F6733 /* PBXContainerItemProxy */;
		};
/* End PBXTargetDependency section */

/* Begin PBXVariantGroup section */
		1BF0A9B61EEFEB1E002F6733 /* Main.storyboard */ = {
			isa = PBXVariantGroup;
			children = (
				1BF0A9B71EEFEB1E002F6733 /* Base */,
			);
			name = Main.storyboard;
			sourceTree = "<group>";
		};
		1BF0A9BB1EEFEB1E002F6733 /* LaunchScreen.storyboard */ = {
			isa = PBXVariantGroup;
			children = (
				1BF0A9BC1EEFEB1E002F6733 /* Base */,
			);
			name = LaunchScreen.storyboard;
			sourceTree = "<group>";
		};
/* End PBXVariantGroup section */

/* Begin XCBuildConfiguration section */
		1BF0A9D51EEFEB1E002F6733 /* Debug */ = {
			isa = XCBuildConfiguration;
			buildSettings = {
				ALWAYS_SEARCH_USER_PATHS = NO;
				CLANG_ANALYZER_NONNULL = YES;
				CLANG_CXX_LANGUAGE_STANDARD = "gnu++0x";
				CLANG_CXX_LIBRARY = "libc++";
				CLANG_ENABLE_MODULES = YES;
				CLANG_ENABLE_OBJC_ARC = YES;
				CLANG_WARN_BOOL_CONVERSION = YES;
				CLANG_WARN_CONSTANT_CONVERSION = YES;
				CLANG_WARN_DIRECT_OBJC_ISA_USAGE = YES_ERROR;
				CLANG_WARN_EMPTY_BODY = YES;
				CLANG_WARN_ENUM_CONVERSION = YES;
				CLANG_WARN_INT_CONVERSION = YES;
				CLANG_WARN_OBJC_ROOT_CLASS = YES_ERROR;
				CLANG_WARN_UNREACHABLE_CODE = YES;
				CLANG_WARN__DUPLICATE_METHOD_MATCH = YES;
				"CODE_SIGN_IDENTITY[sdk=iphoneos*]" = "iPhone Developer";
				COPY_PHASE_STRIP = NO;
				DEBUG_INFORMATION_FORMAT = dwarf;
				ENABLE_STRICT_OBJC_MSGSEND = YES;
				ENABLE_TESTABILITY = YES;
				GCC_C_LANGUAGE_STANDARD = gnu99;
				GCC_DYNAMIC_NO_PIC = NO;
				GCC_NO_COMMON_BLOCKS = YES;
				GCC_OPTIMIZATION_LEVEL = 0;
				GCC_PREPROCESSOR_DEFINITIONS = (
					"DEBUG=1",
					"$(inherited)",
				);
				GCC_WARN_64_TO_32_BIT_CONVERSION = YES;
				GCC_WARN_ABOUT_RETURN_TYPE = YES_ERROR;
				GCC_WARN_UNDECLARED_SELECTOR = YES;
				GCC_WARN_UNINITIALIZED_AUTOS = YES_AGGRESSIVE;
				GCC_WARN_UNUSED_FUNCTION = YES;
				GCC_WARN_UNUSED_VARIABLE = YES;
				IPHONEOS_DEPLOYMENT_TARGET = 9.3;
				MTL_ENABLE_DEBUG_INFO = YES;
				ONLY_ACTIVE_ARCH = YES;
				SDKROOT = iphoneos;
				TARGETED_DEVICE_FAMILY = "1,2";
			};
			name = Debug;
		};
		1BF0A9D61EEFEB1E002F6733 /* Release */ = {
			isa = XCBuildConfiguration;
			buildSettings = {
				ALWAYS_SEARCH_USER_PATHS = NO;
				CLANG_ANALYZER_NONNULL = YES;
				CLANG_CXX_LANGUAGE_STANDARD = "gnu++0x";
				CLANG_CXX_LIBRARY = "libc++";
				CLANG_ENABLE_MODULES = YES;
				CLANG_ENABLE_OBJC_ARC = YES;
				CLANG_WARN_BOOL_CONVERSION = YES;
				CLANG_WARN_CONSTANT_CONVERSION = YES;
				CLANG_WARN_DIRECT_OBJC_ISA_USAGE = YES_ERROR;
				CLANG_WARN_EMPTY_BODY = YES;
				CLANG_WARN_ENUM_CONVERSION = YES;
				CLANG_WARN_INT_CONVERSION = YES;
				CLANG_WARN_OBJC_ROOT_CLASS = YES_ERROR;
				CLANG_WARN_UNREACHABLE_CODE = YES;
				CLANG_WARN__DUPLICATE_METHOD_MATCH = YES;
				"CODE_SIGN_IDENTITY[sdk=iphoneos*]" = "iPhone Developer";
				COPY_PHASE_STRIP = NO;
				DEBUG_INFORMATION_FORMAT = "dwarf-with-dsym";
				ENABLE_NS_ASSERTIONS = NO;
				ENABLE_STRICT_OBJC_MSGSEND = YES;
				GCC_C_LANGUAGE_STANDARD = gnu99;
				GCC_NO_COMMON_BLOCKS = YES;
				GCC_WARN_64_TO_32_BIT_CONVERSION = YES;
				GCC_WARN_ABOUT_RETURN_TYPE = YES_ERROR;
				GCC_WARN_UNDECLARED_SELECTOR = YES;
				GCC_WARN_UNINITIALIZED_AUTOS = YES_AGGRESSIVE;
				GCC_WARN_UNUSED_FUNCTION = YES;
				GCC_WARN_UNUSED_VARIABLE = YES;
				IPHONEOS_DEPLOYMENT_TARGET = 9.3;
				MTL_ENABLE_DEBUG_INFO = NO;
				SDKROOT = iphoneos;
				TARGETED_DEVICE_FAMILY = "1,2";
				VALIDATE_PRODUCT = YES;
			};
			name = Release;
		};
		1BF0A9D81EEFEB1E002F6733 /* Debug */ = {
			isa = XCBuildConfiguration;
			baseConfigurationReference = BAFA34740E6FBE01E2A9CEEC /* Pods-googleintegrate.debug.xcconfig */;
			buildSettings = {
				ASSETCATALOG_COMPILER_APPICON_NAME = AppIcon;
				INFOPLIST_FILE = googleintegrate/Info.plist;
				LD_RUNPATH_SEARCH_PATHS = "$(inherited) @executable_path/Frameworks";
				PRODUCT_BUNDLE_IDENTIFIER = bliss.googleintegrate;
				PRODUCT_NAME = "$(TARGET_NAME)";
			};
			name = Debug;
		};
		1BF0A9D91EEFEB1E002F6733 /* Release */ = {
			isa = XCBuildConfiguration;
			baseConfigurationReference = 93D5109F721AA669FA8FF720 /* Pods-googleintegrate.release.xcconfig */;
			buildSettings = {
				ASSETCATALOG_COMPILER_APPICON_NAME = AppIcon;
				INFOPLIST_FILE = googleintegrate/Info.plist;
				LD_RUNPATH_SEARCH_PATHS = "$(inherited) @executable_path/Frameworks";
				PRODUCT_BUNDLE_IDENTIFIER = bliss.googleintegrate;
				PRODUCT_NAME = "$(TARGET_NAME)";
			};
			name = Release;
		};
		1BF0A9DB1EEFEB1E002F6733 /* Debug */ = {
			isa = XCBuildConfiguration;
			baseConfigurationReference = 7C944CE6DF381999E8B37EEE /* Pods-googleintegrateTests.debug.xcconfig */;
			buildSettings = {
				BUNDLE_LOADER = "$(TEST_HOST)";
				INFOPLIST_FILE = googleintegrateTests/Info.plist;
				LD_RUNPATH_SEARCH_PATHS = "$(inherited) @executable_path/Frameworks @loader_path/Frameworks";
				PRODUCT_BUNDLE_IDENTIFIER = bliss.googleintegrateTests;
				PRODUCT_NAME = "$(TARGET_NAME)";
				TEST_HOST = "$(BUILT_PRODUCTS_DIR)/googleintegrate.app/googleintegrate";
			};
			name = Debug;
		};
		1BF0A9DC1EEFEB1E002F6733 /* Release */ = {
			isa = XCBuildConfiguration;
			baseConfigurationReference = 90AE90375741FAC7BBDE123B /* Pods-googleintegrateTests.release.xcconfig */;
			buildSettings = {
				BUNDLE_LOADER = "$(TEST_HOST)";
				INFOPLIST_FILE = googleintegrateTests/Info.plist;
				LD_RUNPATH_SEARCH_PATHS = "$(inherited) @executable_path/Frameworks @loader_path/Frameworks";
				PRODUCT_BUNDLE_IDENTIFIER = bliss.googleintegrateTests;
				PRODUCT_NAME = "$(TARGET_NAME)";
				TEST_HOST = "$(BUILT_PRODUCTS_DIR)/googleintegrate.app/googleintegrate";
			};
			name = Release;
		};
		1BF0A9DE1EEFEB1E002F6733 /* Debug */ = {
			isa = XCBuildConfiguration;
			baseConfigurationReference = E4F551CF95C9DA68E4976509 /* Pods-googleintegrateUITests.debug.xcconfig */;
			buildSettings = {
				INFOPLIST_FILE = googleintegrateUITests/Info.plist;
				LD_RUNPATH_SEARCH_PATHS = "$(inherited) @executable_path/Frameworks @loader_path/Frameworks";
				PRODUCT_BUNDLE_IDENTIFIER = bliss.googleintegrateUITests;
				PRODUCT_NAME = "$(TARGET_NAME)";
				TEST_TARGET_NAME = googleintegrate;
			};
			name = Debug;
		};
		1BF0A9DF1EEFEB1E002F6733 /* Release */ = {
			isa = XCBuildConfiguration;
			baseConfigurationReference = 3BE3D994B02DA1AC79711D6E /* Pods-googleintegrateUITests.release.xcconfig */;
			buildSettings = {
				INFOPLIST_FILE = googleintegrateUITests/Info.plist;
				LD_RUNPATH_SEARCH_PATHS = "$(inherited) @executable_path/Frameworks @loader_path/Frameworks";
				PRODUCT_BUNDLE_IDENTIFIER = bliss.googleintegrateUITests;
				PRODUCT_NAME = "$(TARGET_NAME)";
				TEST_TARGET_NAME = googleintegrate;
			};
			name = Release;
		};
/* End XCBuildConfiguration section */

/* Begin XCConfigurationList section */
		1BF0A9A51EEFEB1E002F6733 /* Build configuration list for PBXProject "googleintegrate" */ = {
			isa = XCConfigurationList;
			buildConfigurations = (
				1BF0A9D51EEFEB1E002F6733 /* Debug */,
				1BF0A9D61EEFEB1E002F6733 /* Release */,
			);
			defaultConfigurationIsVisible = 0;
			defaultConfigurationName = Release;
		};
		1BF0A9D71EEFEB1E002F6733 /* Build configuration list for PBXNativeTarget "googleintegrate" */ = {
			isa = XCConfigurationList;
			buildConfigurations = (
				1BF0A9D81EEFEB1E002F6733 /* Debug */,
				1BF0A9D91EEFEB1E002F6733 /* Release */,
			);
			defaultConfigurationIsVisible = 0;
			defaultConfigurationName = Release;
		};
		1BF0A9DA1EEFEB1E002F6733 /* Build configuration list for PBXNativeTarget "googleintegrateTests" */ = {
			isa = XCConfigurationList;
			buildConfigurations = (
				1BF0A9DB1EEFEB1E002F6733 /* Debug */,
				1BF0A9DC1EEFEB1E002F6733 /* Release */,
			);
			defaultConfigurationIsVisible = 0;
			defaultConfigurationName = Release;
		};
		1BF0A9DD1EEFEB1E002F6733 /* Build configuration list for PBXNativeTarget "googleintegrateUITests" */ = {
			isa = XCConfigurationList;
			buildConfigurations = (
				1BF0A9DE1EEFEB1E002F6733 /* Debug */,
				1BF0A9DF1EEFEB1E002F6733 /* Release */,
			);
			defaultConfigurationIsVisible = 0;
			defaultConfigurationName = Release;
		};
/* End XCConfigurationList section */
	};
	rootObject = 1BF0A9A21EEFEB1E002F6733 /* Project object */;
}
